{
  "name": "admin-expenses",
  "version": "0.0.0",
  "lockfileVersion": 2,
  "requires": true,
  "packages": {
    "": {
      "name": "admin-expenses",
      "version": "0.0.0",
      "dependencies": {
        "sass": "^1.71.1",
        "vue": "^3.4.19",
        "vue3-circle-progress": "^1.0.7"
      },
      "devDependencies": {
        "@vitejs/plugin-vue": "^5.0.4",
        "vite": "^5.1.4"
      }
    },
    "node_modules/@babel/parser": {
      "version": "7.24.0",
      "resolved": "https://artifactory.commandalkonapis.com:443/artifactory/api/npm/cai-npm/@babel/parser/-/parser-7.24.0.tgz",
      "integrity": "sha1-JqPR/0kDHFOpfQO2BDdfAodGqaw=",
      "license": "MIT",
      "bin": {
        "parser": "bin/babel-parser.js"
      },
      "engines": {
        "node": ">=6.0.0"
      }
    },
    "node_modules/@esbuild/win32-x64": {
      "version": "0.19.12",
      "resolved": "https://artifactory.commandalkonapis.com:443/artifactory/api/npm/cai-npm/@esbuild/win32-x64/-/win32-x64-0.19.12.tgz",
      "integrity": "sha1-xXyK+7QFSjq4MXWRoLcyA2C0RK4=",
      "cpu": [
        "x64"
      ],
      "dev": true,
      "license": "MIT",
      "optional": true,
      "os": [
        "win32"
      ],
      "engines": {
        "node": ">=12"
      }
    },
    "node_modules/@jridgewell/sourcemap-codec": {
      "version": "1.4.15",
      "resolved": "https://artifactory.commandalkonapis.com:443/artifactory/api/npm/cai-npm/@jridgewell/sourcemap-codec/-/sourcemap-codec-1.4.15.tgz",
      "integrity": "sha1-18bmdVx4VnqVHgSrUu8P0m3lnzI=",
      "license": "MIT"
    },
    "node_modules/@rollup/rollup-win32-x64-msvc": {
      "version": "4.12.0",
      "resolved": "https://artifactory.commandalkonapis.com:443/artifactory/api/npm/cai-npm/@rollup/rollup-win32-x64-msvc/-/rollup-win32-x64-msvc-4.12.0.tgz",
      "integrity": "sha1-n/357RM6dGT0rhh+ueEpRBP6sjU=",
      "cpu": [
        "x64"
      ],
      "dev": true,
      "license": "MIT",
      "optional": true,
      "os": [
        "win32"
      ]
    },
    "node_modules/@types/estree": {
      "version": "1.0.5",
      "resolved": "https://artifactory.commandalkonapis.com:443/artifactory/api/npm/cai-npm/@types/estree/-/estree-1.0.5.tgz",
      "integrity": "sha1-ps4+VW4A/ZiV3Yct0XKtDUvWh/Q=",
      "dev": true,
      "license": "MIT"
    },
    "node_modules/@vitejs/plugin-vue": {
      "version": "5.0.4",
      "resolved": "https://artifactory.commandalkonapis.com:443/artifactory/api/npm/cai-npm/@vitejs/plugin-vue/-/plugin-vue-5.0.4.tgz",
      "integrity": "sha1-UI1qDyRA+GlFg12QP8wNldG7ijc=",
      "dev": true,
      "license": "MIT",
      "engines": {
        "node": "^18.0.0 || >=20.0.0"
      },
      "peerDependencies": {
        "vite": "^5.0.0",
        "vue": "^3.2.25"
      }
    },
    "node_modules/@vue/compiler-core": {
      "version": "3.4.21",
      "resolved": "https://artifactory.commandalkonapis.com:443/artifactory/api/npm/cai-npm/@vue/compiler-core/-/compiler-core-3.4.21.tgz",
      "integrity": "sha1-hotwhTePwk5Yya7RTI1iEQpivho=",
      "license": "MIT",
      "dependencies": {
        "@babel/parser": "^7.23.9",
        "@vue/shared": "3.4.21",
        "entities": "^4.5.0",
        "estree-walker": "^2.0.2",
        "source-map-js": "^1.0.2"
      }
    },
    "node_modules/@vue/compiler-dom": {
      "version": "3.4.21",
      "resolved": "https://artifactory.commandalkonapis.com:443/artifactory/api/npm/cai-npm/@vue/compiler-dom/-/compiler-dom-3.4.21.tgz",
      "integrity": "sha1-AHfDVeIAggcoOlqH1RAzDSJUaAM=",
      "license": "MIT",
      "dependencies": {
        "@vue/compiler-core": "3.4.21",
        "@vue/shared": "3.4.21"
      }
    },
    "node_modules/@vue/compiler-sfc": {
      "version": "3.4.21",
      "resolved": "https://artifactory.commandalkonapis.com:443/artifactory/api/npm/cai-npm/@vue/compiler-sfc/-/compiler-sfc-3.4.21.tgz",
      "integrity": "sha1-Svkg3DGrmeH/XRUrX+CtEhgRRbI=",
      "license": "MIT",
      "dependencies": {
        "@babel/parser": "^7.23.9",
        "@vue/compiler-core": "3.4.21",
        "@vue/compiler-dom": "3.4.21",
        "@vue/compiler-ssr": "3.4.21",
        "@vue/shared": "3.4.21",
        "estree-walker": "^2.0.2",
        "magic-string": "^0.30.7",
        "postcss": "^8.4.35",
        "source-map-js": "^1.0.2"
      }
    },
    "node_modules/@vue/compiler-ssr": {
      "version": "3.4.21",
      "resolved": "https://artifactory.commandalkonapis.com:443/artifactory/api/npm/cai-npm/@vue/compiler-ssr/-/compiler-ssr-3.4.21.tgz",
      "integrity": "sha1-uErmT7nCZd8h/Gf3YkWHZz0yT+8=",
      "license": "MIT",
      "dependencies": {
        "@vue/compiler-dom": "3.4.21",
        "@vue/shared": "3.4.21"
      }
    },
    "node_modules/@vue/reactivity": {
      "version": "3.4.21",
      "resolved": "https://artifactory.commandalkonapis.com:443/artifactory/api/npm/cai-npm/@vue/reactivity/-/reactivity-3.4.21.tgz",
      "integrity": "sha1-r/00FRFbjr9JJ8jSoNaiS8z6nwI=",
      "license": "MIT",
      "dependencies": {
        "@vue/shared": "3.4.21"
      }
    },
    "node_modules/@vue/runtime-core": {
      "version": "3.4.21",
      "resolved": "https://artifactory.commandalkonapis.com:443/artifactory/api/npm/cai-npm/@vue/runtime-core/-/runtime-core-3.4.21.tgz",
      "integrity": "sha1-N0nD8CSmTEwn7Nda6kyjVjTbAGI=",
      "license": "MIT",
      "dependencies": {
        "@vue/reactivity": "3.4.21",
        "@vue/shared": "3.4.21"
      }
    },
    "node_modules/@vue/runtime-dom": {
      "version": "3.4.21",
      "resolved": "https://artifactory.commandalkonapis.com:443/artifactory/api/npm/cai-npm/@vue/runtime-dom/-/runtime-dom-3.4.21.tgz",
      "integrity": "sha1-kfhn72Tv8jLKxFCVqyjryTrHRYg=",
      "license": "MIT",
      "dependencies": {
        "@vue/runtime-core": "3.4.21",
        "@vue/shared": "3.4.21",
        "csstype": "^3.1.3"
      }
    },
    "node_modules/@vue/server-renderer": {
      "version": "3.4.21",
      "resolved": "https://artifactory.commandalkonapis.com:443/artifactory/api/npm/cai-npm/@vue/server-renderer/-/server-renderer-3.4.21.tgz",
      "integrity": "sha1-FQdRV50mZh7j7SaihgRmf6QiKpc=",
      "license": "MIT",
      "dependencies": {
        "@vue/compiler-ssr": "3.4.21",
        "@vue/shared": "3.4.21"
      },
      "peerDependencies": {
        "vue": "3.4.21"
      }
    },
    "node_modules/@vue/shared": {
      "version": "3.4.21",
      "resolved": "https://artifactory.commandalkonapis.com:443/artifactory/api/npm/cai-npm/@vue/shared/-/shared-3.4.21.tgz",
      "integrity": "sha1-3lJqkFnQpZnwtCmvcDfNDD7X1aE=",
      "license": "MIT"
    },
    "node_modules/anymatch": {
      "version": "3.1.3",
      "resolved": "https://artifactory.commandalkonapis.com:443/artifactory/api/npm/cai-npm/anymatch/-/anymatch-3.1.3.tgz",
      "integrity": "sha1-eQxYsZuhcgqEIFtXxhjVrYUklz4=",
      "license": "ISC",
      "dependencies": {
        "normalize-path": "^3.0.0",
        "picomatch": "^2.0.4"
      },
      "engines": {
        "node": ">= 8"
      }
    },
    "node_modules/binary-extensions": {
      "version": "2.2.0",
      "resolved": "https://artifactory.commandalkonapis.com:443/artifactory/api/npm/cai-npm/binary-extensions/-/binary-extensions-2.2.0.tgz",
      "integrity": "sha1-dfUC7q+f/eQvyYgpZFvk6na9ni0=",
      "license": "MIT",
      "engines": {
        "node": ">=8"
      }
    },
    "node_modules/braces": {
      "version": "3.0.2",
      "resolved": "https://artifactory.commandalkonapis.com:443/artifactory/api/npm/cai-npm/braces/-/braces-3.0.2.tgz",
      "integrity": "sha1-NFThpGLujVmeI23zNs2epPiv4Qc=",
      "license": "MIT",
      "dependencies": {
        "fill-range": "^7.0.1"
      },
      "engines": {
        "node": ">=8"
      }
    },
    "node_modules/chokidar": {
      "version": "3.6.0",
      "resolved": "https://artifactory.commandalkonapis.com:443/artifactory/api/npm/cai-npm/chokidar/-/chokidar-3.6.0.tgz",
      "integrity": "sha1-GXxsxmnvKo3F57TZfuTgksPrDVs=",
      "license": "MIT",
      "dependencies": {
        "anymatch": "~3.1.2",
        "braces": "~3.0.2",
        "glob-parent": "~5.1.2",
        "is-binary-path": "~2.1.0",
        "is-glob": "~4.0.1",
        "normalize-path": "~3.0.0",
        "readdirp": "~3.6.0"
      },
      "engines": {
        "node": ">= 8.10.0"
      },
      "funding": {
        "url": "https://paulmillr.com/funding/"
      },
      "optionalDependencies": {
        "fsevents": "~2.3.2"
      }
    },
    "node_modules/core-js": {
      "version": "3.36.0",
      "resolved": "https://artifactory.commandalkonapis.com:443/artifactory/api/npm/cai-npm/core-js/-/core-js-3.36.0.tgz",
      "integrity": "sha1-51L6CwtGKgeH1W6dc/gLD3wN3mg=",
      "hasInstallScript": true,
      "license": "MIT",
      "peer": true,
      "funding": {
        "type": "opencollective",
        "url": "https://opencollective.com/core-js"
      }
    },
    "node_modules/csstype": {
      "version": "3.1.3",
      "resolved": "https://artifactory.commandalkonapis.com:443/artifactory/api/npm/cai-npm/csstype/-/csstype-3.1.3.tgz",
      "integrity": "sha1-2A/ylNEU+w5qxQD7+FtgE31+/4E=",
      "license": "MIT"
    },
    "node_modules/entities": {
      "version": "4.5.0",
      "resolved": "https://artifactory.commandalkonapis.com:443/artifactory/api/npm/cai-npm/entities/-/entities-4.5.0.tgz",
      "integrity": "sha1-XSaOpecRPsdMTQM7eepaNaSI+0g=",
      "license": "BSD-2-Clause",
      "engines": {
        "node": ">=0.12"
      },
      "funding": {
        "url": "https://github.com/fb55/entities?sponsor=1"
      }
    },
    "node_modules/esbuild": {
      "version": "0.19.12",
      "resolved": "https://artifactory.commandalkonapis.com:443/artifactory/api/npm/cai-npm/esbuild/-/esbuild-0.19.12.tgz",
      "integrity": "sha1-3ILuXceegvWlw7QyOipkGCfbPgQ=",
      "dev": true,
      "hasInstallScript": true,
      "license": "MIT",
      "bin": {
        "esbuild": "bin/esbuild"
      },
      "engines": {
        "node": ">=12"
      },
      "optionalDependencies": {
        "@esbuild/aix-ppc64": "0.19.12",
        "@esbuild/android-arm": "0.19.12",
        "@esbuild/android-arm64": "0.19.12",
        "@esbuild/android-x64": "0.19.12",
        "@esbuild/darwin-arm64": "0.19.12",
        "@esbuild/darwin-x64": "0.19.12",
        "@esbuild/freebsd-arm64": "0.19.12",
        "@esbuild/freebsd-x64": "0.19.12",
        "@esbuild/linux-arm": "0.19.12",
        "@esbuild/linux-arm64": "0.19.12",
        "@esbuild/linux-ia32": "0.19.12",
        "@esbuild/linux-loong64": "0.19.12",
        "@esbuild/linux-mips64el": "0.19.12",
        "@esbuild/linux-ppc64": "0.19.12",
        "@esbuild/linux-riscv64": "0.19.12",
        "@esbuild/linux-s390x": "0.19.12",
        "@esbuild/linux-x64": "0.19.12",
        "@esbuild/netbsd-x64": "0.19.12",
        "@esbuild/openbsd-x64": "0.19.12",
        "@esbuild/sunos-x64": "0.19.12",
        "@esbuild/win32-arm64": "0.19.12",
        "@esbuild/win32-ia32": "0.19.12",
        "@esbuild/win32-x64": "0.19.12"
      }
    },
    "node_modules/estree-walker": {
      "version": "2.0.2",
      "resolved": "https://artifactory.commandalkonapis.com:443/artifactory/api/npm/cai-npm/estree-walker/-/estree-walker-2.0.2.tgz",
      "integrity": "sha1-UvAQF4wqTBF6d1fP6UKtt9LaTKw=",
      "license": "MIT"
    },
    "node_modules/fill-range": {
      "version": "7.0.1",
      "resolved": "https://artifactory.commandalkonapis.com:443/artifactory/api/npm/cai-npm/fill-range/-/fill-range-7.0.1.tgz",
      "integrity": "sha1-GRmmp8df44ssfHflGYU12prN2kA=",
      "license": "MIT",
      "dependencies": {
        "to-regex-range": "^5.0.1"
      },
      "engines": {
        "node": ">=8"
      }
    },
    "node_modules/fsevents": {
      "version": "2.3.3",
      "resolved": "https://artifactory.commandalkonapis.com:443/artifactory/api/npm/cai-npm/fsevents/-/fsevents-2.3.3.tgz",
      "integrity": "sha1-ysZAd4XQNnWipeGlMFxpezR9kNY=",
      "hasInstallScript": true,
      "license": "MIT",
      "optional": true,
      "os": [
        "darwin"
      ],
      "engines": {
        "node": "^8.16.0 || ^10.6.0 || >=11.0.0"
      }
    },
    "node_modules/glob-parent": {
      "version": "5.1.2",
      "resolved": "https://artifactory.commandalkonapis.com:443/artifactory/api/npm/cai-npm/glob-parent/-/glob-parent-5.1.2.tgz",
      "integrity": "sha1-hpgyxYA0/mikCTwX3BXoNA2EAcQ=",
      "license": "ISC",
      "dependencies": {
        "is-glob": "^4.0.1"
      },
      "engines": {
        "node": ">= 6"
      }
    },
    "node_modules/immutable": {
      "version": "4.3.5",
      "resolved": "https://artifactory.commandalkonapis.com:443/artifactory/api/npm/cai-npm/immutable/-/immutable-4.3.5.tgz",
      "integrity": "sha1-+LQ25m1Z+Zdg3Fd/XJmk/SpcxaA=",
      "license": "MIT"
    },
    "node_modules/is-binary-path": {
      "version": "2.1.0",
      "resolved": "https://artifactory.commandalkonapis.com:443/artifactory/api/npm/cai-npm/is-binary-path/-/is-binary-path-2.1.0.tgz",
      "integrity": "sha1-6h9/O4DwZCNug0cPhsCcJU+0Wwk=",
      "license": "MIT",
      "dependencies": {
        "binary-extensions": "^2.0.0"
      },
      "engines": {
        "node": ">=8"
      }
    },
    "node_modules/is-extglob": {
      "version": "2.1.1",
      "resolved": "https://artifactory.commandalkonapis.com:443/artifactory/api/npm/cai-npm/is-extglob/-/is-extglob-2.1.1.tgz",
      "integrity": "sha1-qIwCU1eR8C7TfHahueqXc8gz+MI=",
      "license": "MIT",
      "engines": {
        "node": ">=0.10.0"
      }
    },
    "node_modules/is-glob": {
      "version": "4.0.3",
      "resolved": "https://artifactory.commandalkonapis.com:443/artifactory/api/npm/cai-npm/is-glob/-/is-glob-4.0.3.tgz",
      "integrity": "sha1-ZPYeQsu7LuwgcanawLKLoeZdUIQ=",
      "license": "MIT",
      "dependencies": {
        "is-extglob": "^2.1.1"
      },
      "engines": {
        "node": ">=0.10.0"
      }
    },
    "node_modules/is-number": {
      "version": "7.0.0",
      "resolved": "https://artifactory.commandalkonapis.com:443/artifactory/api/npm/cai-npm/is-number/-/is-number-7.0.0.tgz",
      "integrity": "sha1-dTU0W4lnNNX4DE0GxQlVUnoU8Ss=",
      "license": "MIT",
      "engines": {
        "node": ">=0.12.0"
      }
    },
    "node_modules/magic-string": {
      "version": "0.30.7",
      "resolved": "https://artifactory.commandalkonapis.com:443/artifactory/api/npm/cai-npm/magic-string/-/magic-string-0.30.7.tgz",
      "integrity": "sha1-DOzQUn1HMphnnalaLXrrjGQEhQU=",
      "license": "MIT",
      "dependencies": {
        "@jridgewell/sourcemap-codec": "^1.4.15"
      },
      "engines": {
        "node": ">=12"
      }
    },
    "node_modules/nanoid": {
      "version": "3.3.7",
      "resolved": "https://artifactory.commandalkonapis.com:443/artifactory/api/npm/cai-npm/nanoid/-/nanoid-3.3.7.tgz",
      "integrity": "sha1-0MMBppG8jVTvoKIibM8/4v1la9g=",
      "funding": [
        {
          "type": "github",
          "url": "https://github.com/sponsors/ai"
        }
      ],
      "license": "MIT",
      "bin": {
        "nanoid": "bin/nanoid.cjs"
      },
      "engines": {
        "node": "^10 || ^12 || ^13.7 || ^14 || >=15.0.1"
      }
    },
    "node_modules/normalize-path": {
      "version": "3.0.0",
      "resolved": "https://artifactory.commandalkonapis.com:443/artifactory/api/npm/cai-npm/normalize-path/-/normalize-path-3.0.0.tgz",
      "integrity": "sha1-Dc1p/yOhybEf0JeDFmRKA4ghamU=",
      "license": "MIT",
      "engines": {
        "node": ">=0.10.0"
      }
    },
    "node_modules/picocolors": {
      "version": "1.0.0",
      "resolved": "https://artifactory.commandalkonapis.com:443/artifactory/api/npm/cai-npm/picocolors/-/picocolors-1.0.0.tgz",
      "integrity": "sha1-y1vcdP8/UYkiNur3nWi8RFZKuBw=",
      "license": "ISC"
    },
    "node_modules/picomatch": {
      "version": "2.3.1",
      "resolved": "https://artifactory.commandalkonapis.com:443/artifactory/api/npm/cai-npm/picomatch/-/picomatch-2.3.1.tgz",
      "integrity": "sha1-O6ODNzNkbZ0+SZWUbBNlpn+wekI=",
      "license": "MIT",
      "engines": {
        "node": ">=8.6"
      },
      "funding": {
        "url": "https://github.com/sponsors/jonschlinkert"
      }
    },
    "node_modules/postcss": {
      "version": "8.4.35",
      "resolved": "https://artifactory.commandalkonapis.com:443/artifactory/api/npm/cai-npm/postcss/-/postcss-8.4.35.tgz",
      "integrity": "sha1-YJl3dWic4JAR7fCDpUnOpEqr4vc=",
      "funding": [
        {
          "type": "opencollective",
          "url": "https://opencollective.com/postcss/"
        },
        {
          "type": "tidelift",
          "url": "https://tidelift.com/funding/github/npm/postcss"
        },
        {
          "type": "github",
          "url": "https://github.com/sponsors/ai"
        }
      ],
      "license": "MIT",
      "dependencies": {
        "nanoid": "^3.3.7",
        "picocolors": "^1.0.0",
        "source-map-js": "^1.0.2"
      },
      "engines": {
        "node": "^10 || ^12 || >=14"
      }
    },
    "node_modules/readdirp": {
      "version": "3.6.0",
      "resolved": "https://artifactory.commandalkonapis.com:443/artifactory/api/npm/cai-npm/readdirp/-/readdirp-3.6.0.tgz",
      "integrity": "sha1-dKNwvYVxFuJFspzJc0DNQxoCpsc=",
      "license": "MIT",
      "dependencies": {
        "picomatch": "^2.2.1"
      },
      "engines": {
        "node": ">=8.10.0"
      }
    },
    "node_modules/rollup": {
      "version": "4.12.0",
      "resolved": "https://artifactory.commandalkonapis.com:443/artifactory/api/npm/cai-npm/rollup/-/rollup-4.12.0.tgz",
      "integrity": "sha1-C20eXz1Gu88kTe7EGnQh3FTMRbU=",
      "dev": true,
      "license": "MIT",
      "dependencies": {
        "@types/estree": "1.0.5"
      },
      "bin": {
        "rollup": "dist/bin/rollup"
      },
      "engines": {
        "node": ">=18.0.0",
        "npm": ">=8.0.0"
      },
      "optionalDependencies": {
        "@rollup/rollup-android-arm-eabi": "4.12.0",
        "@rollup/rollup-android-arm64": "4.12.0",
        "@rollup/rollup-darwin-arm64": "4.12.0",
        "@rollup/rollup-darwin-x64": "4.12.0",
        "@rollup/rollup-linux-arm-gnueabihf": "4.12.0",
        "@rollup/rollup-linux-arm64-gnu": "4.12.0",
        "@rollup/rollup-linux-arm64-musl": "4.12.0",
        "@rollup/rollup-linux-riscv64-gnu": "4.12.0",
        "@rollup/rollup-linux-x64-gnu": "4.12.0",
        "@rollup/rollup-linux-x64-musl": "4.12.0",
        "@rollup/rollup-win32-arm64-msvc": "4.12.0",
        "@rollup/rollup-win32-ia32-msvc": "4.12.0",
        "@rollup/rollup-win32-x64-msvc": "4.12.0",
        "fsevents": "~2.3.2"
      }
    },
    "node_modules/sass": {
      "version": "1.71.1",
      "resolved": "https://artifactory.commandalkonapis.com:443/artifactory/api/npm/cai-npm/sass/-/sass-1.71.1.tgz",
      "integrity": "sha1-37CcY85j+JNTd3u9SojAo4OG7lQ=",
      "license": "MIT",
      "dependencies": {
        "chokidar": ">=3.0.0 <4.0.0",
        "immutable": "^4.0.0",
        "source-map-js": ">=0.6.2 <2.0.0"
      },
      "bin": {
        "sass": "sass.js"
      },
      "engines": {
        "node": ">=14.0.0"
      }
    },
    "node_modules/source-map-js": {
      "version": "1.0.2",
      "resolved": "https://artifactory.commandalkonapis.com:443/artifactory/api/npm/cai-npm/source-map-js/-/source-map-js-1.0.2.tgz",
      "integrity": "sha1-rbw2HZxi3zgBJefxYfccgm8eSQw=",
      "license": "BSD-3-Clause",
      "engines": {
        "node": ">=0.10.0"
      }
    },
    "node_modules/to-regex-range": {
      "version": "5.0.1",
      "resolved": "https://artifactory.commandalkonapis.com:443/artifactory/api/npm/cai-npm/to-regex-range/-/to-regex-range-5.0.1.tgz",
      "integrity": "sha1-FkjESq58jZiKMmAY7XL1tN0DkuQ=",
      "license": "MIT",
      "dependencies": {
        "is-number": "^7.0.0"
      },
      "engines": {
        "node": ">=8.0"
      }
    },
    "node_modules/vite": {
      "version": "5.1.4",
      "resolved": "https://artifactory.commandalkonapis.com:443/artifactory/api/npm/cai-npm/vite/-/vite-5.1.4.tgz",
      "integrity": "sha1-FOnT56bkiPNihO8Tzr4UnwYLz7Y=",
      "dev": true,
      "license": "MIT",
      "dependencies": {
        "esbuild": "^0.19.3",
        "postcss": "^8.4.35",
        "rollup": "^4.2.0"
      },
      "bin": {
        "vite": "bin/vite.js"
      },
      "engines": {
        "node": "^18.0.0 || >=20.0.0"
      },
      "funding": {
        "url": "https://github.com/vitejs/vite?sponsor=1"
      },
      "optionalDependencies": {
        "fsevents": "~2.3.3"
      },
      "peerDependencies": {
        "@types/node": "^18.0.0 || >=20.0.0",
        "less": "*",
        "lightningcss": "^1.21.0",
        "sass": "*",
        "stylus": "*",
        "sugarss": "*",
        "terser": "^5.4.0"
      },
      "peerDependenciesMeta": {
        "@types/node": {
          "optional": true
        },
        "less": {
          "optional": true
        },
        "lightningcss": {
          "optional": true
        },
        "sass": {
          "optional": true
        },
        "stylus": {
          "optional": true
        },
        "sugarss": {
          "optional": true
        },
        "terser": {
          "optional": true
        }
      }
    },
    "node_modules/vue": {
      "version": "3.4.21",
      "resolved": "https://artifactory.commandalkonapis.com:443/artifactory/api/npm/cai-npm/vue/-/vue-3.4.21.tgz",
      "integrity": "sha1-aeww4mfTWO46DOFmErqJ4AqutzE=",
      "license": "MIT",
      "dependencies": {
        "@vue/compiler-dom": "3.4.21",
        "@vue/compiler-sfc": "3.4.21",
        "@vue/runtime-dom": "3.4.21",
        "@vue/server-renderer": "3.4.21",
        "@vue/shared": "3.4.21"
      },
      "peerDependencies": {
        "typescript": "*"
      },
      "peerDependenciesMeta": {
        "typescript": {
          "optional": true
        }
      }
    },
    "node_modules/vue3-circle-progress": {
      "version": "1.0.7",
      "resolved": "https://artifactory.commandalkonapis.com:443/artifactory/api/npm/cai-npm/vue3-circle-progress/-/vue3-circle-progress-1.0.7.tgz",
      "integrity": "sha1-Q6dCfl3LFEcUwd8RvyoVpz1bmMQ=",
      "peerDependencies": {
        "core-js": "^3.9.0",
        "vue": "^3.0.5"
      }
    }
  },
  "dependencies": {
    "@babel/parser": {
      "version": "7.24.0",
      "resolved": "https://artifactory.commandalkonapis.com:443/artifactory/api/npm/cai-npm/@babel/parser/-/parser-7.24.0.tgz",
      "integrity": "sha1-JqPR/0kDHFOpfQO2BDdfAodGqaw="
    },
    "@esbuild/win32-x64": {
      "version": "0.19.12",
      "resolved": "https://artifactory.commandalkonapis.com:443/artifactory/api/npm/cai-npm/@esbuild/win32-x64/-/win32-x64-0.19.12.tgz",
      "integrity": "sha1-xXyK+7QFSjq4MXWRoLcyA2C0RK4=",
      "dev": true,
      "optional": true
    },
    "@jridgewell/sourcemap-codec": {
      "version": "1.4.15",
      "resolved": "https://artifactory.commandalkonapis.com:443/artifactory/api/npm/cai-npm/@jridgewell/sourcemap-codec/-/sourcemap-codec-1.4.15.tgz",
      "integrity": "sha1-18bmdVx4VnqVHgSrUu8P0m3lnzI="
    },
    "@rollup/rollup-win32-x64-msvc": {
      "version": "4.12.0",
      "resolved": "https://artifactory.commandalkonapis.com:443/artifactory/api/npm/cai-npm/@rollup/rollup-win32-x64-msvc/-/rollup-win32-x64-msvc-4.12.0.tgz",
      "integrity": "sha1-n/357RM6dGT0rhh+ueEpRBP6sjU=",
      "dev": true,
      "optional": true
    },
    "@types/estree": {
      "version": "1.0.5",
      "resolved": "https://artifactory.commandalkonapis.com:443/artifactory/api/npm/cai-npm/@types/estree/-/estree-1.0.5.tgz",
      "integrity": "sha1-ps4+VW4A/ZiV3Yct0XKtDUvWh/Q=",
      "dev": true
    },
    "@vitejs/plugin-vue": {
      "version": "5.0.4",
      "resolved": "https://artifactory.commandalkonapis.com:443/artifactory/api/npm/cai-npm/@vitejs/plugin-vue/-/plugin-vue-5.0.4.tgz",
      "integrity": "sha1-UI1qDyRA+GlFg12QP8wNldG7ijc=",
      "dev": true,
      "requires": {}
    },
    "@vue/compiler-core": {
      "version": "3.4.21",
      "resolved": "https://artifactory.commandalkonapis.com:443/artifactory/api/npm/cai-npm/@vue/compiler-core/-/compiler-core-3.4.21.tgz",
      "integrity": "sha1-hotwhTePwk5Yya7RTI1iEQpivho=",
      "requires": {
        "@babel/parser": "^7.23.9",
        "@vue/shared": "3.4.21",
        "entities": "^4.5.0",
        "estree-walker": "^2.0.2",
        "source-map-js": "^1.0.2"
      }
    },
    "@vue/compiler-dom": {
      "version": "3.4.21",
      "resolved": "https://artifactory.commandalkonapis.com:443/artifactory/api/npm/cai-npm/@vue/compiler-dom/-/compiler-dom-3.4.21.tgz",
      "integrity": "sha1-AHfDVeIAggcoOlqH1RAzDSJUaAM=",
      "requires": {
        "@vue/compiler-core": "3.4.21",
        "@vue/shared": "3.4.21"
      }
    },
    "@vue/compiler-sfc": {
      "version": "3.4.21",
      "resolved": "https://artifactory.commandalkonapis.com:443/artifactory/api/npm/cai-npm/@vue/compiler-sfc/-/compiler-sfc-3.4.21.tgz",
      "integrity": "sha1-Svkg3DGrmeH/XRUrX+CtEhgRRbI=",
      "requires": {
        "@babel/parser": "^7.23.9",
        "@vue/compiler-core": "3.4.21",
        "@vue/compiler-dom": "3.4.21",
        "@vue/compiler-ssr": "3.4.21",
        "@vue/shared": "3.4.21",
        "estree-walker": "^2.0.2",
        "magic-string": "^0.30.7",
        "postcss": "^8.4.35",
        "source-map-js": "^1.0.2"
      }
    },
    "@vue/compiler-ssr": {
      "version": "3.4.21",
      "resolved": "https://artifactory.commandalkonapis.com:443/artifactory/api/npm/cai-npm/@vue/compiler-ssr/-/compiler-ssr-3.4.21.tgz",
      "integrity": "sha1-uErmT7nCZd8h/Gf3YkWHZz0yT+8=",
      "requires": {
        "@vue/compiler-dom": "3.4.21",
        "@vue/shared": "3.4.21"
      }
    },
    "@vue/reactivity": {
      "version": "3.4.21",
      "resolved": "https://artifactory.commandalkonapis.com:443/artifactory/api/npm/cai-npm/@vue/reactivity/-/reactivity-3.4.21.tgz",
      "integrity": "sha1-r/00FRFbjr9JJ8jSoNaiS8z6nwI=",
      "requires": {
        "@vue/shared": "3.4.21"
      }
    },
    "@vue/runtime-core": {
      "version": "3.4.21",
      "resolved": "https://artifactory.commandalkonapis.com:443/artifactory/api/npm/cai-npm/@vue/runtime-core/-/runtime-core-3.4.21.tgz",
      "integrity": "sha1-N0nD8CSmTEwn7Nda6kyjVjTbAGI=",
      "requires": {
        "@vue/reactivity": "3.4.21",
        "@vue/shared": "3.4.21"
      }
    },
    "@vue/runtime-dom": {
      "version": "3.4.21",
      "resolved": "https://artifactory.commandalkonapis.com:443/artifactory/api/npm/cai-npm/@vue/runtime-dom/-/runtime-dom-3.4.21.tgz",
      "integrity": "sha1-kfhn72Tv8jLKxFCVqyjryTrHRYg=",
      "requires": {
        "@vue/runtime-core": "3.4.21",
        "@vue/shared": "3.4.21",
        "csstype": "^3.1.3"
      }
    },
    "@vue/server-renderer": {
      "version": "3.4.21",
      "resolved": "https://artifactory.commandalkonapis.com:443/artifactory/api/npm/cai-npm/@vue/server-renderer/-/server-renderer-3.4.21.tgz",
      "integrity": "sha1-FQdRV50mZh7j7SaihgRmf6QiKpc=",
      "requires": {
        "@vue/compiler-ssr": "3.4.21",
        "@vue/shared": "3.4.21"
      }
    },
    "@vue/shared": {
      "version": "3.4.21",
      "resolved": "https://artifactory.commandalkonapis.com:443/artifactory/api/npm/cai-npm/@vue/shared/-/shared-3.4.21.tgz",
      "integrity": "sha1-3lJqkFnQpZnwtCmvcDfNDD7X1aE="
    },
    "anymatch": {
      "version": "3.1.3",
      "resolved": "https://artifactory.commandalkonapis.com:443/artifactory/api/npm/cai-npm/anymatch/-/anymatch-3.1.3.tgz",
      "integrity": "sha1-eQxYsZuhcgqEIFtXxhjVrYUklz4=",
      "requires": {
        "normalize-path": "^3.0.0",
        "picomatch": "^2.0.4"
      }
    },
    "binary-extensions": {
      "version": "2.2.0",
      "resolved": "https://artifactory.commandalkonapis.com:443/artifactory/api/npm/cai-npm/binary-extensions/-/binary-extensions-2.2.0.tgz",
      "integrity": "sha1-dfUC7q+f/eQvyYgpZFvk6na9ni0="
    },
    "braces": {
      "version": "3.0.2",
      "resolved": "https://artifactory.commandalkonapis.com:443/artifactory/api/npm/cai-npm/braces/-/braces-3.0.2.tgz",
      "integrity": "sha1-NFThpGLujVmeI23zNs2epPiv4Qc=",
      "requires": {
        "fill-range": "^7.0.1"
      }
    },
    "chokidar": {
      "version": "3.6.0",
      "resolved": "https://artifactory.commandalkonapis.com:443/artifactory/api/npm/cai-npm/chokidar/-/chokidar-3.6.0.tgz",
      "integrity": "sha1-GXxsxmnvKo3F57TZfuTgksPrDVs=",
      "requires": {
        "anymatch": "~3.1.2",
        "braces": "~3.0.2",
        "fsevents": "~2.3.2",
        "glob-parent": "~5.1.2",
        "is-binary-path": "~2.1.0",
        "is-glob": "~4.0.1",
        "normalize-path": "~3.0.0",
        "readdirp": "~3.6.0"
      }
    },
    "core-js": {
      "version": "3.36.0",
      "resolved": "https://artifactory.commandalkonapis.com:443/artifactory/api/npm/cai-npm/core-js/-/core-js-3.36.0.tgz",
      "integrity": "sha1-51L6CwtGKgeH1W6dc/gLD3wN3mg=",
      "peer": true
    },
    "csstype": {
      "version": "3.1.3",
      "resolved": "https://artifactory.commandalkonapis.com:443/artifactory/api/npm/cai-npm/csstype/-/csstype-3.1.3.tgz",
      "integrity": "sha1-2A/ylNEU+w5qxQD7+FtgE31+/4E="
    },
    "entities": {
      "version": "4.5.0",
      "resolved": "https://artifactory.commandalkonapis.com:443/artifactory/api/npm/cai-npm/entities/-/entities-4.5.0.tgz",
      "integrity": "sha1-XSaOpecRPsdMTQM7eepaNaSI+0g="
    },
    "esbuild": {
      "version": "0.19.12",
      "resolved": "https://artifactory.commandalkonapis.com:443/artifactory/api/npm/cai-npm/esbuild/-/esbuild-0.19.12.tgz",
      "integrity": "sha1-3ILuXceegvWlw7QyOipkGCfbPgQ=",
      "dev": true,
      "requires": {
        "@esbuild/aix-ppc64": "0.19.12",
        "@esbuild/android-arm": "0.19.12",
        "@esbuild/android-arm64": "0.19.12",
        "@esbuild/android-x64": "0.19.12",
        "@esbuild/darwin-arm64": "0.19.12",
        "@esbuild/darwin-x64": "0.19.12",
        "@esbuild/freebsd-arm64": "0.19.12",
        "@esbuild/freebsd-x64": "0.19.12",
        "@esbuild/linux-arm": "0.19.12",
        "@esbuild/linux-arm64": "0.19.12",
        "@esbuild/linux-ia32": "0.19.12",
        "@esbuild/linux-loong64": "0.19.12",
        "@esbuild/linux-mips64el": "0.19.12",
        "@esbuild/linux-ppc64": "0.19.12",
        "@esbuild/linux-riscv64": "0.19.12",
        "@esbuild/linux-s390x": "0.19.12",
        "@esbuild/linux-x64": "0.19.12",
        "@esbuild/netbsd-x64": "0.19.12",
        "@esbuild/openbsd-x64": "0.19.12",
        "@esbuild/sunos-x64": "0.19.12",
        "@esbuild/win32-arm64": "0.19.12",
        "@esbuild/win32-ia32": "0.19.12",
        "@esbuild/win32-x64": "0.19.12"
      }
    },
    "estree-walker": {
      "version": "2.0.2",
      "resolved": "https://artifactory.commandalkonapis.com:443/artifactory/api/npm/cai-npm/estree-walker/-/estree-walker-2.0.2.tgz",
      "integrity": "sha1-UvAQF4wqTBF6d1fP6UKtt9LaTKw="
    },
    "fill-range": {
      "version": "7.0.1",
      "resolved": "https://artifactory.commandalkonapis.com:443/artifactory/api/npm/cai-npm/fill-range/-/fill-range-7.0.1.tgz",
      "integrity": "sha1-GRmmp8df44ssfHflGYU12prN2kA=",
      "requires": {
        "to-regex-range": "^5.0.1"
      }
    },
    "fsevents": {
      "version": "2.3.3",
      "resolved": "https://artifactory.commandalkonapis.com:443/artifactory/api/npm/cai-npm/fsevents/-/fsevents-2.3.3.tgz",
      "integrity": "sha1-ysZAd4XQNnWipeGlMFxpezR9kNY=",
      "optional": true
    },
    "glob-parent": {
      "version": "5.1.2",
      "resolved": "https://artifactory.commandalkonapis.com:443/artifactory/api/npm/cai-npm/glob-parent/-/glob-parent-5.1.2.tgz",
      "integrity": "sha1-hpgyxYA0/mikCTwX3BXoNA2EAcQ=",
      "requires": {
        "is-glob": "^4.0.1"
      }
    },
    "immutable": {
      "version": "4.3.5",
      "resolved": "https://artifactory.commandalkonapis.com:443/artifactory/api/npm/cai-npm/immutable/-/immutable-4.3.5.tgz",
      "integrity": "sha1-+LQ25m1Z+Zdg3Fd/XJmk/SpcxaA="
    },
    "is-binary-path": {
      "version": "2.1.0",
      "resolved": "https://artifactory.commandalkonapis.com:443/artifactory/api/npm/cai-npm/is-binary-path/-/is-binary-path-2.1.0.tgz",
      "integrity": "sha1-6h9/O4DwZCNug0cPhsCcJU+0Wwk=",
      "requires": {
        "binary-extensions": "^2.0.0"
      }
    },
    "is-extglob": {
      "version": "2.1.1",
      "resolved": "https://artifactory.commandalkonapis.com:443/artifactory/api/npm/cai-npm/is-extglob/-/is-extglob-2.1.1.tgz",
      "integrity": "sha1-qIwCU1eR8C7TfHahueqXc8gz+MI="
    },
    "is-glob": {
      "version": "4.0.3",
      "resolved": "https://artifactory.commandalkonapis.com:443/artifactory/api/npm/cai-npm/is-glob/-/is-glob-4.0.3.tgz",
      "integrity": "sha1-ZPYeQsu7LuwgcanawLKLoeZdUIQ=",
      "requires": {
        "is-extglob": "^2.1.1"
      }
    },
    "is-number": {
      "version": "7.0.0",
      "resolved": "https://artifactory.commandalkonapis.com:443/artifactory/api/npm/cai-npm/is-number/-/is-number-7.0.0.tgz",
      "integrity": "sha1-dTU0W4lnNNX4DE0GxQlVUnoU8Ss="
    },
    "magic-string": {
      "version": "0.30.7",
      "resolved": "https://artifactory.commandalkonapis.com:443/artifactory/api/npm/cai-npm/magic-string/-/magic-string-0.30.7.tgz",
      "integrity": "sha1-DOzQUn1HMphnnalaLXrrjGQEhQU=",
      "requires": {
        "@jridgewell/sourcemap-codec": "^1.4.15"
      }
    },
    "nanoid": {
      "version": "3.3.7",
      "resolved": "https://artifactory.commandalkonapis.com:443/artifactory/api/npm/cai-npm/nanoid/-/nanoid-3.3.7.tgz",
      "integrity": "sha1-0MMBppG8jVTvoKIibM8/4v1la9g="
    },
    "normalize-path": {
      "version": "3.0.0",
      "resolved": "https://artifactory.commandalkonapis.com:443/artifactory/api/npm/cai-npm/normalize-path/-/normalize-path-3.0.0.tgz",
      "integrity": "sha1-Dc1p/yOhybEf0JeDFmRKA4ghamU="
    },
    "picocolors": {
      "version": "1.0.0",
      "resolved": "https://artifactory.commandalkonapis.com:443/artifactory/api/npm/cai-npm/picocolors/-/picocolors-1.0.0.tgz",
      "integrity": "sha1-y1vcdP8/UYkiNur3nWi8RFZKuBw="
    },
    "picomatch": {
      "version": "2.3.1",
      "resolved": "https://artifactory.commandalkonapis.com:443/artifactory/api/npm/cai-npm/picomatch/-/picomatch-2.3.1.tgz",
      "integrity": "sha1-O6ODNzNkbZ0+SZWUbBNlpn+wekI="
    },
    "postcss": {
      "version": "8.4.35",
      "resolved": "https://artifactory.commandalkonapis.com:443/artifactory/api/npm/cai-npm/postcss/-/postcss-8.4.35.tgz",
      "integrity": "sha1-YJl3dWic4JAR7fCDpUnOpEqr4vc=",
      "requires": {
        "nanoid": "^3.3.7",
        "picocolors": "^1.0.0",
        "source-map-js": "^1.0.2"
      }
    },
    "readdirp": {
      "version": "3.6.0",
      "resolved": "https://artifactory.commandalkonapis.com:443/artifactory/api/npm/cai-npm/readdirp/-/readdirp-3.6.0.tgz",
      "integrity": "sha1-dKNwvYVxFuJFspzJc0DNQxoCpsc=",
      "requires": {
        "picomatch": "^2.2.1"
      }
    },
    "rollup": {
      "version": "4.12.0",
      "resolved": "https://artifactory.commandalkonapis.com:443/artifactory/api/npm/cai-npm/rollup/-/rollup-4.12.0.tgz",
      "integrity": "sha1-C20eXz1Gu88kTe7EGnQh3FTMRbU=",
      "dev": true,
      "requires": {
        "@rollup/rollup-android-arm-eabi": "4.12.0",
        "@rollup/rollup-android-arm64": "4.12.0",
        "@rollup/rollup-darwin-arm64": "4.12.0",
        "@rollup/rollup-darwin-x64": "4.12.0",
        "@rollup/rollup-linux-arm-gnueabihf": "4.12.0",
        "@rollup/rollup-linux-arm64-gnu": "4.12.0",
        "@rollup/rollup-linux-arm64-musl": "4.12.0",
        "@rollup/rollup-linux-riscv64-gnu": "4.12.0",
        "@rollup/rollup-linux-x64-gnu": "4.12.0",
        "@rollup/rollup-linux-x64-musl": "4.12.0",
        "@rollup/rollup-win32-arm64-msvc": "4.12.0",
        "@rollup/rollup-win32-ia32-msvc": "4.12.0",
        "@rollup/rollup-win32-x64-msvc": "4.12.0",
        "@types/estree": "1.0.5",
        "fsevents": "~2.3.2"
      }
    },
    "sass": {
      "version": "1.71.1",
      "resolved": "https://artifactory.commandalkonapis.com:443/artifactory/api/npm/cai-npm/sass/-/sass-1.71.1.tgz",
      "integrity": "sha1-37CcY85j+JNTd3u9SojAo4OG7lQ=",
      "requires": {
        "chokidar": ">=3.0.0 <4.0.0",
        "immutable": "^4.0.0",
        "source-map-js": ">=0.6.2 <2.0.0"
      }
    },
    "source-map-js": {
      "version": "1.0.2",
      "resolved": "https://artifactory.commandalkonapis.com:443/artifactory/api/npm/cai-npm/source-map-js/-/source-map-js-1.0.2.tgz",
      "integrity": "sha1-rbw2HZxi3zgBJefxYfccgm8eSQw="
    },
    "to-regex-range": {
      "version": "5.0.1",
      "resolved": "https://artifactory.commandalkonapis.com:443/artifactory/api/npm/cai-npm/to-regex-range/-/to-regex-range-5.0.1.tgz",
      "integrity": "sha1-FkjESq58jZiKMmAY7XL1tN0DkuQ=",
      "requires": {
        "is-number": "^7.0.0"
      }
    },
    "vite": {
      "version": "5.1.4",
      "resolved": "https://artifactory.commandalkonapis.com:443/artifactory/api/npm/cai-npm/vite/-/vite-5.1.4.tgz",
      "integrity": "sha1-FOnT56bkiPNihO8Tzr4UnwYLz7Y=",
      "dev": true,
      "requires": {
        "esbuild": "^0.19.3",
        "fsevents": "~2.3.3",
        "postcss": "^8.4.35",
        "rollup": "^4.2.0"
      }
    },
    "vue": {
      "version": "3.4.21",
      "resolved": "https://artifactory.commandalkonapis.com:443/artifactory/api/npm/cai-npm/vue/-/vue-3.4.21.tgz",
      "integrity": "sha1-aeww4mfTWO46DOFmErqJ4AqutzE=",
      "requires": {
        "@vue/compiler-dom": "3.4.21",
        "@vue/compiler-sfc": "3.4.21",
        "@vue/runtime-dom": "3.4.21",
        "@vue/server-renderer": "3.4.21",
        "@vue/shared": "3.4.21"
      }
    },
    "vue3-circle-progress": {
      "version": "1.0.7",
      "resolved": "https://artifactory.commandalkonapis.com:443/artifactory/api/npm/cai-npm/vue3-circle-progress/-/vue3-circle-progress-1.0.7.tgz",
      "integrity": "sha1-Q6dCfl3LFEcUwd8RvyoVpz1bmMQ=",
      "requires": {}
    }
  }
}
